// !$*UTF8*$!
{
	archiveVersion = 1;
	classes = {
	};
	objectVersion = 46;
	objects = {

/* Begin PBXBuildFile section */
		A018F1FB1C3AF3DB00319CCA /* MovieCell.swift in Sources */ = {isa = PBXBuildFile; fileRef = A018F1FA1C3AF3DB00319CCA /* MovieCell.swift */; };
		A018F1FE1C3AFC2200319CCA /* DataService.swift in Sources */ = {isa = PBXBuildFile; fileRef = A018F1FD1C3AFC2200319CCA /* DataService.swift */; };
		A0198BFF1C3AF2A500EE449E /* MovieDetailsVC.swift in Sources */ = {isa = PBXBuildFile; fileRef = A0198BFE1C3AF2A500EE449E /* MovieDetailsVC.swift */; };
		A0198C011C3AF30700EE449E /* AddMovieVC.swift in Sources */ = {isa = PBXBuildFile; fileRef = A0198C001C3AF30700EE449E /* AddMovieVC.swift */; };
		A028625D1C3BD0A500E69BBB /* ViewController.swift in Sources */ = {isa = PBXBuildFile; fileRef = A028625C1C3BD0A500E69BBB /* ViewController.swift */; };
		A0FF8C3C1C391C76003738D6 /* AppDelegate.swift in Sources */ = {isa = PBXBuildFile; fileRef = A0FF8C3B1C391C76003738D6 /* AppDelegate.swift */; };
		A0FF8C411C391C76003738D6 /* Main.storyboard in Resources */ = {isa = PBXBuildFile; fileRef = A0FF8C3F1C391C76003738D6 /* Main.storyboard */; };
		A0FF8C431C391C76003738D6 /* Assets.xcassets in Resources */ = {isa = PBXBuildFile; fileRef = A0FF8C421C391C76003738D6 /* Assets.xcassets */; };
		A0FF8C461C391C76003738D6 /* LaunchScreen.storyboard in Resources */ = {isa = PBXBuildFile; fileRef = A0FF8C441C391C76003738D6 /* LaunchScreen.storyboard */; };
		A0FF8C4F1C391D11003738D6 /* Movie.swift in Sources */ = {isa = PBXBuildFile; fileRef = A0FF8C4E1C391D11003738D6 /* Movie.swift */; };
/* End PBXBuildFile section */

/* Begin PBXFileReference section */
		A018F1FA1C3AF3DB00319CCA /* MovieCell.swift */ = {isa = PBXFileReference; fileEncoding = 4; lastKnownFileType = sourcecode.swift; path = MovieCell.swift; sourceTree = "<group>"; };
		A018F1FD1C3AFC2200319CCA /* DataService.swift */ = {isa = PBXFileReference; fileEncoding = 4; lastKnownFileType = sourcecode.swift; path = DataService.swift; sourceTree = "<group>"; };
		A0198BFE1C3AF2A500EE449E /* MovieDetailsVC.swift */ = {isa = PBXFileReference; fileEncoding = 4; lastKnownFileType = sourcecode.swift; path = MovieDetailsVC.swift; sourceTree = "<group>"; };
		A0198C001C3AF30700EE449E /* AddMovieVC.swift */ = {isa = PBXFileReference; fileEncoding = 4; lastKnownFileType = sourcecode.swift; path = AddMovieVC.swift; sourceTree = "<group>"; };
		A028625C1C3BD0A500E69BBB /* ViewController.swift */ = {isa = PBXFileReference; fileEncoding = 4; lastKnownFileType = sourcecode.swift; path = ViewController.swift; sourceTree = "<group>"; };
		A0FF8C381C391C76003738D6 /* moviez.app */ = {isa = PBXFileReference; explicitFileType = wrapper.application; includeInIndex = 0; path = moviez.app; sourceTree = BUILT_PRODUCTS_DIR; };
		A0FF8C3B1C391C76003738D6 /* AppDelegate.swift */ = {isa = PBXFileReference; lastKnownFileType = sourcecode.swift; path = AppDelegate.swift; sourceTree = "<group>"; };
		A0FF8C401C391C76003738D6 /* Base */ = {isa = PBXFileReference; lastKnownFileType = file.storyboard; name = Base; path = Base.lproj/Main.storyboard; sourceTree = "<group>"; };
		A0FF8C421C391C76003738D6 /* Assets.xcassets */ = {isa = PBXFileReference; lastKnownFileType = folder.assetcatalog; path = Assets.xcassets; sourceTree = "<group>"; };
		A0FF8C451C391C76003738D6 /* Base */ = {isa = PBXFileReference; lastKnownFileType = file.storyboard; name = Base; path = Base.lproj/LaunchScreen.storyboard; sourceTree = "<group>"; };
		A0FF8C471C391C76003738D6 /* Info.plist */ = {isa = PBXFileReference; lastKnownFileType = text.plist.xml; path = Info.plist; sourceTree = "<group>"; };
		A0FF8C4E1C391D11003738D6 /* Movie.swift */ = {isa = PBXFileReference; fileEncoding = 4; lastKnownFileType = sourcecode.swift; path = Movie.swift; sourceTree = "<group>"; };
/* End PBXFileReference section */

/* Begin PBXFrameworksBuildPhase section */
		A0FF8C351C391C76003738D6 /* Frameworks */ = {
			isa = PBXFrameworksBuildPhase;
			buildActionMask = 2147483647;
			files = (
			);
			runOnlyForDeploymentPostprocessing = 0;
		};
/* End PBXFrameworksBuildPhase section */

/* Begin PBXGroup section */
		A018F1FC1C3AFC0A00319CCA /* Services */ = {
			isa = PBXGroup;
			children = (
				A018F1FD1C3AFC2200319CCA /* DataService.swift */,
			);
			name = Services;
			sourceTree = "<group>";
		};
		A0198BFC1C3AF27A00EE449E /* View */ = {
			isa = PBXGroup;
			children = (
				A018F1FA1C3AF3DB00319CCA /* MovieCell.swift */,
				A0FF8C3F1C391C76003738D6 /* Main.storyboard */,
				A0FF8C441C391C76003738D6 /* LaunchScreen.storyboard */,
			);
			name = View;
			sourceTree = "<group>";
		};
		A0198BFD1C3AF28500EE449E /* Controller */ = {
			isa = PBXGroup;
			children = (
				A0198BFE1C3AF2A500EE449E /* MovieDetailsVC.swift */,
				A0198C001C3AF30700EE449E /* AddMovieVC.swift */,
				A028625C1C3BD0A500E69BBB /* ViewController.swift */,
			);
			name = Controller;
			sourceTree = "<group>";
		};
		A0FF8C2F1C391C76003738D6 = {
			isa = PBXGroup;
			children = (
				A0FF8C3A1C391C76003738D6 /* moviez */,
				A0FF8C391C391C76003738D6 /* Products */,
			);
			sourceTree = "<group>";
		};
		A0FF8C391C391C76003738D6 /* Products */ = {
			isa = PBXGroup;
			children = (
				A0FF8C381C391C76003738D6 /* moviez.app */,
			);
			name = Products;
			sourceTree = "<group>";
		};
		A0FF8C3A1C391C76003738D6 /* moviez */ = {
			isa = PBXGroup;
			children = (
				A018F1FC1C3AFC0A00319CCA /* Services */,
				A0198BFD1C3AF28500EE449E /* Controller */,
				A0198BFC1C3AF27A00EE449E /* View */,
				A0FF8C4D1C391CFD003738D6 /* Model */,
				A0FF8C3B1C391C76003738D6 /* AppDelegate.swift */,
				A0FF8C421C391C76003738D6 /* Assets.xcassets */,
				A0FF8C471C391C76003738D6 /* Info.plist */,
			);
			path = moviez;
			sourceTree = "<group>";
		};
		A0FF8C4D1C391CFD003738D6 /* Model */ = {
			isa = PBXGroup;
			children = (
				A0FF8C4E1C391D11003738D6 /* Movie.swift */,
			);
			name = Model;
			sourceTree = "<group>";
		};
/* End PBXGroup section */

/* Begin PBXNativeTarget section */
		A0FF8C371C391C76003738D6 /* moviez */ = {
			isa = PBXNativeTarget;
			buildConfigurationList = A0FF8C4A1C391C76003738D6 /* Build configuration list for PBXNativeTarget "moviez" */;
			buildPhases = (
				A0FF8C341C391C76003738D6 /* Sources */,
				A0FF8C351C391C76003738D6 /* Frameworks */,
				A0FF8C361C391C76003738D6 /* Resources */,
			);
			buildRules = (
			);
			dependencies = (
			);
			name = moviez;
			productName = moviez;
			productReference = A0FF8C381C391C76003738D6 /* moviez.app */;
			productType = "com.apple.product-type.application";
		};
/* End PBXNativeTarget section */

/* Begin PBXProject section */
		A0FF8C301C391C76003738D6 /* Project object */ = {
			isa = PBXProject;
			attributes = {
				LastSwiftUpdateCheck = 0720;
				LastUpgradeCheck = 0720;
				ORGANIZATIONNAME = "Adrian Padua";
				TargetAttributes = {
					A0FF8C371C391C76003738D6 = {
						CreatedOnToolsVersion = 7.2;
					};
				};
			};
			buildConfigurationList = A0FF8C331C391C76003738D6 /* Build configuration list for PBXProject "moviez" */;
			compatibilityVersion = "Xcode 3.2";
			developmentRegion = English;
			hasScannedForEncodings = 0;
			knownRegions = (
				en,
				Base,
			);
			mainGroup = A0FF8C2F1C391C76003738D6;
			productRefGroup = A0FF8C391C391C76003738D6 /* Products */;
			projectDirPath = "";
			projectRoot = "";
			targets = (
				A0FF8C371C391C76003738D6 /* moviez */,
			);
		};
/* End PBXProject section */

/* Begin PBXResourcesBuildPhase section */
		A0FF8C361C391C76003738D6 /* Resources */ = {
			isa = PBXResourcesBuildPhase;
			buildActionMask = 2147483647;
			files = (
				A0FF8C461C391C76003738D6 /* LaunchScreen.storyboard in Resources */,
				A0FF8C431C391C76003738D6 /* Assets.xcassets in Resources */,
				A0FF8C411C391C76003738D6 /* Main.storyboard in Resources */,
			);
			runOnlyForDeploymentPostprocessing = 0;
		};
/* End PBXResourcesBuildPhase section */

/* Begin PBXSourcesBuildPhase section */
		A0FF8C341C391C76003738D6 /* Sources */ = {
			isa = PBXSourcesBuildPhase;
			buildActionMask = 2147483647;
			files = (
				A018F1FE1C3AFC2200319CCA /* DataService.swift in Sources */,
				A0198C011C3AF30700EE449E /* AddMovieVC.swift in Sources */,
				A018F1FB1C3AF3DB00319CCA /* MovieCell.swift in Sources */,
				A0FF8C3C1C391C76003738D6 /* AppDelegate.swift in Sources */,
				A028625D1C3BD0A500E69BBB /* ViewController.swift in Sources */,
				A0198BFF1C3AF2A500EE449E /* MovieDetailsVC.swift in Sources */,
				A0FF8C4F1C391D11003738D6 /* Movie.swift in Sources */,
			);
			runOnlyForDeploymentPostprocessing = 0;
		};
/* End PBXSourcesBuildPhase section */

/* Begin PBXVariantGroup section */
		A0FF8C3F1C391C76003738D6 /* Main.storyboard */ = {
			isa = PBXVariantGroup;
			children = (
				A0FF8C401C391C76003738D6 /* Base */,
			);
			name = Main.storyboard;
			sourceTree = "<group>";
		};
		A0FF8C441C391C76003738D6 /* LaunchScreen.storyboard */ = {
			isa = PBXVariantGroup;
			children = (
				A0FF8C451C391C76003738D6 /* Base */,
			);
			name = LaunchScreen.storyboard;
			sourceTree = "<group>";
		};
/* End PBXVariantGroup section */

/* Begin XCBuildConfiguration section */
		A0FF8C481C391C76003738D6 /* Debug */ = {
			isa = XCBuildConfiguration;
			buildSettings = {
				ALWAYS_SEARCH_USER_PATHS = NO;
				CLANG_CXX_LANGUAGE_STANDARD = "gnu++0x";
				CLANG_CXX_LIBRARY = "libc++";
				CLANG_ENABLE_MODULES = YES;
				CLANG_ENABLE_OBJC_ARC = YES;
				CLANG_WARN_BOOL_CONVERSION = YES;
				CLANG_WARN_CONSTANT_CONVERSION = YES;
				CLANG_WARN_DIRECT_OBJC_ISA_USAGE = YES_ERROR;
				CLANG_WARN_EMPTY_BODY = YES;
				CLANG_WARN_ENUM_CONVERSION = YES;
				CLANG_WARN_INT_CONVERSION = YES;
				CLANG_WARN_OBJC_ROOT_CLASS = YES_ERROR;
				CLANG_WARN_UNREACHABLE_CODE = YES;
				CLANG_WARN__DUPLICATE_METHOD_MATCH = YES;
				"CODE_SIGN_IDENTITY[sdk=iphoneos*]" = "iPhone Developer";
				COPY_PHASE_STRIP = NO;
				DEBUG_INFORMATION_FORMAT = dwarf;
				ENABLE_STRICT_OBJC_MSGSEND = YES;
				ENABLE_TESTABILITY = YES;
				GCC_C_LANGUAGE_STANDARD = gnu99;
				GCC_DYNAMIC_NO_PIC = NO;
				GCC_NO_COMMON_BLOCKS = YES;
				GCC_OPTIMIZATION_LEVEL = 0;
				GCC_PREPROCESSOR_DEFINITIONS = (
					"DEBUG=1",
					"$(inherited)",
				);
				GCC_WARN_64_TO_32_BIT_CONVERSION = YES;
				GCC_WARN_ABOUT_RETURN_TYPE = YES_ERROR;
				GCC_WARN_UNDECLARED_SELECTOR = YES;
				GCC_WARN_UNINITIALIZED_AUTOS = YES_AGGRESSIVE;
				GCC_WARN_UNUSED_FUNCTION = YES;
				GCC_WARN_UNUSED_VARIABLE = YES;
				IPHONEOS_DEPLOYMENT_TARGET = 9.2;
				MTL_ENABLE_DEBUG_INFO = YES;
				ONLY_ACTIVE_ARCH = YES;
				SDKROOT = iphoneos;
				SWIFT_OPTIMIZATION_LEVEL = "-Onone";
				TARGETED_DEVICE_FAMILY = "1,2";
			};
			name = Debug;
		};
		A0FF8C491C391C76003738D6 /* Release */ = {
			isa = XCBuildConfiguration;
			buildSettings = {
				ALWAYS_SEARCH_USER_PATHS = NO;
				CLANG_CXX_LANGUAGE_STANDARD = "gnu++0x";
				CLANG_CXX_LIBRARY = "libc++";
				CLANG_ENABLE_MODULES = YES;
				CLANG_ENABLE_OBJC_ARC = YES;
				CLANG_WARN_BOOL_CONVERSION = YES;
				CLANG_WARN_CONSTANT_CONVERSION = YES;
				CLANG_WARN_DIRECT_OBJC_ISA_USAGE = YES_ERROR;
				CLANG_WARN_EMPTY_BODY = YES;
				CLANG_WARN_ENUM_CONVERSION = YES;
				CLANG_WARN_INT_CONVERSION = YES;
				CLANG_WARN_OBJC_ROOT_CLASS = YES_ERROR;
				CLANG_WARN_UNREACHABLE_CODE = YES;
				CLANG_WARN__DUPLICATE_METHOD_MATCH = YES;
				"CODE_SIGN_IDENTITY[sdk=iphoneos*]" = "iPhone Developer";
				COPY_PHASE_STRIP = NO;
				DEBUG_INFORMATION_FORMAT = "dwarf-with-dsym";
				ENABLE_NS_ASSERTIONS = NO;
				ENABLE_STRICT_OBJC_MSGSEND = YES;
				GCC_C_LANGUAGE_STANDARD = gnu99;
				GCC_NO_COMMON_BLOCKS = YES;
				GCC_WARN_64_TO_32_BIT_CONVERSION = YES;
				GCC_WARN_ABOUT_RETURN_TYPE = YES_ERROR;
				GCC_WARN_UNDECLARED_SELECTOR = YES;
				GCC_WARN_UNINITIALIZED_AUTOS = YES_AGGRESSIVE;
				GCC_WARN_UNUSED_FUNCTION = YES;
				GCC_WARN_UNUSED_VARIABLE = YES;
				IPHONEOS_DEPLOYMENT_TARGET = 9.2;
				MTL_ENABLE_DEBUG_INFO = NO;
				SDKROOT = iphoneos;
				TARGETED_DEVICE_FAMILY = "1,2";
				VALIDATE_PRODUCT = YES;
			};
			name = Release;
		};
		A0FF8C4B1C391C76003738D6 /* Debug */ = {
			isa = XCBuildConfiguration;
			buildSettings = {
				ASSETCATALOG_COMPILER_APPICON_NAME = AppIcon;
				INFOPLIST_FILE = moviez/Info.plist;
				LD_RUNPATH_SEARCH_PATHS = "$(inherited) @executable_path/Frameworks";
				PRODUCT_BUNDLE_IDENTIFIER = com.adrpadua.moviez;
				PRODUCT_NAME = "$(TARGET_NAME)";
			};
			name = Debug;
		};
		A0FF8C4C1C391C76003738D6 /* Release */ = {
			isa = XCBuildConfiguration;
			buildSettings = {
				ASSETCATALOG_COMPILER_APPICON_NAME = AppIcon;
				INFOPLIST_FILE = moviez/Info.plist;
				LD_RUNPATH_SEARCH_PATHS = "$(inherited) @executable_path/Frameworks";
				PRODUCT_BUNDLE_IDENTIFIER = com.adrpadua.moviez;
				PRODUCT_NAME = "$(TARGET_NAME)";
			};
			name = Release;
		};
/* End XCBuildConfiguration section */

/* Begin XCConfigurationList section */
		A0FF8C331C391C76003738D6 /* Build configuration list for PBXProject "moviez" */ = {
			isa = XCConfigurationList;
			buildConfigurations = (
				A0FF8C481C391C76003738D6 /* Debug */,
				A0FF8C491C391C76003738D6 /* Release */,
			);
			defaultConfigurationIsVisible = 0;
			defaultConfigurationName = Release;
		};
		A0FF8C4A1C391C76003738D6 /* Build configuration list for PBXNativeTarget "moviez" */ = {
			isa = XCConfigurationList;
			buildConfigurations = (
				A0FF8C4B1C391C76003738D6 /* Debug */,
				A0FF8C4C1C391C76003738D6 /* Release */,
			);
			defaultConfigurationIsVisible = 0;
			defaultConfigurationName = Release;
		};
/* End XCConfigurationList section */
	};
	rootObject = A0FF8C301C391C76003738D6 /* Project object */;
}
